PODS:
  - OCMock (2.2.1)
  - RBBAnimation (0.3.0)
  - SDCAutoLayout (2.0)

DEPENDENCIES:
  - OCMock (~> 2.2.1)
  - RBBAnimation
  - SDCAutoLayout

SPEC CHECKSUMS:
  OCMock: 80e4cfbc71a0e1bd28caf10a9fda27da7c4c8402
  RBBAnimation: e7f31ed62f760f3caf120b5d943267bd9a8e1f64
  SDCAutoLayout: fbb30550a36f244223ea40560549372eccd1c4c7

COCOAPODS: 0.28.0
