PODS:
  - OCMock (2.2.2)
  - RBBAnimation (0.3.0)
  - SDCAutoLayout (1.0)

DEPENDENCIES:
  - OCMock (~> 2.2.1)
  - RBBAnimation
  - SDCAutoLayout

SPEC CHECKSUMS:
  OCMock: ffba68873fd32cfd35d885bddad23bfa816da4a3
  RBBAnimation: e7f31ed62f760f3caf120b5d943267bd9a8e1f64
  SDCAutoLayout: 46af5acfbcfb1a0b1f81746a60cdd42deb752b02

COCOAPODS: 0.29.0
